// !$*UTF8*$!
{
	archiveVersion = 1;
	classes = {
	};
	objectVersion = 55;
	objects = {

/* Begin PBXBuildFile section */
		E90D376929016F400063ADFE /* FirebaseAnalytics in Frameworks */ = {isa = PBXBuildFile; productRef = E90D376829016F400063ADFE /* FirebaseAnalytics */; };
		E90D376B29016F400063ADFE /* FirebaseAnalyticsOnDeviceConversion in Frameworks */ = {isa = PBXBuildFile; productRef = E90D376A29016F400063ADFE /* FirebaseAnalyticsOnDeviceConversion */; };
		E90D376D29016F400063ADFE /* FirebaseAnalyticsSwift in Frameworks */ = {isa = PBXBuildFile; productRef = E90D376C29016F400063ADFE /* FirebaseAnalyticsSwift */; };
		E90D376F29016F400063ADFE /* FirebaseAnalyticsWithoutAdIdSupport in Frameworks */ = {isa = PBXBuildFile; productRef = E90D376E29016F400063ADFE /* FirebaseAnalyticsWithoutAdIdSupport */; };
		E90D377129016F400063ADFE /* FirebaseAppCheck in Frameworks */ = {isa = PBXBuildFile; productRef = E90D377029016F400063ADFE /* FirebaseAppCheck */; };
		E90D377329016F400063ADFE /* FirebaseAppDistribution-Beta in Frameworks */ = {isa = PBXBuildFile; productRef = E90D377229016F400063ADFE /* FirebaseAppDistribution-Beta */; };
		E90D377529016F400063ADFE /* FirebaseAuth in Frameworks */ = {isa = PBXBuildFile; productRef = E90D377429016F400063ADFE /* FirebaseAuth */; };
		E90D377729016F400063ADFE /* FirebaseAuthCombine-Community in Frameworks */ = {isa = PBXBuildFile; productRef = E90D377629016F400063ADFE /* FirebaseAuthCombine-Community */; };
		E90D377929016F400063ADFE /* FirebaseCrashlytics in Frameworks */ = {isa = PBXBuildFile; productRef = E90D377829016F400063ADFE /* FirebaseCrashlytics */; };
		E90D377B29016F400063ADFE /* FirebaseDatabase in Frameworks */ = {isa = PBXBuildFile; productRef = E90D377A29016F400063ADFE /* FirebaseDatabase */; };
		E90D377D29016F400063ADFE /* FirebaseDatabaseSwift in Frameworks */ = {isa = PBXBuildFile; productRef = E90D377C29016F400063ADFE /* FirebaseDatabaseSwift */; };
		E90D377F29016F400063ADFE /* FirebaseDynamicLinks in Frameworks */ = {isa = PBXBuildFile; productRef = E90D377E29016F400063ADFE /* FirebaseDynamicLinks */; };
		E90D378129016F400063ADFE /* FirebaseFirestore in Frameworks */ = {isa = PBXBuildFile; productRef = E90D378029016F400063ADFE /* FirebaseFirestore */; };
		E90D378329016F400063ADFE /* FirebaseFirestoreCombine-Community in Frameworks */ = {isa = PBXBuildFile; productRef = E90D378229016F400063ADFE /* FirebaseFirestoreCombine-Community */; };
		E90D378529016F400063ADFE /* FirebaseFirestoreSwift in Frameworks */ = {isa = PBXBuildFile; productRef = E90D378429016F400063ADFE /* FirebaseFirestoreSwift */; };
		E90D378729016F400063ADFE /* FirebaseFunctions in Frameworks */ = {isa = PBXBuildFile; productRef = E90D378629016F400063ADFE /* FirebaseFunctions */; };
		E90D378929016F400063ADFE /* FirebaseFunctionsCombine-Community in Frameworks */ = {isa = PBXBuildFile; productRef = E90D378829016F400063ADFE /* FirebaseFunctionsCombine-Community */; };
		E90D378B29016F400063ADFE /* FirebaseInAppMessaging-Beta in Frameworks */ = {isa = PBXBuildFile; productRef = E90D378A29016F400063ADFE /* FirebaseInAppMessaging-Beta */; };
		E90D378D29016F400063ADFE /* FirebaseInAppMessagingSwift-Beta in Frameworks */ = {isa = PBXBuildFile; productRef = E90D378C29016F400063ADFE /* FirebaseInAppMessagingSwift-Beta */; };
		E90D378F29016F400063ADFE /* FirebaseInstallations in Frameworks */ = {isa = PBXBuildFile; productRef = E90D378E29016F400063ADFE /* FirebaseInstallations */; };
		E90D379129016F400063ADFE /* FirebaseMLModelDownloader in Frameworks */ = {isa = PBXBuildFile; productRef = E90D379029016F400063ADFE /* FirebaseMLModelDownloader */; };
		E90D379329016F400063ADFE /* FirebaseMessaging in Frameworks */ = {isa = PBXBuildFile; productRef = E90D379229016F400063ADFE /* FirebaseMessaging */; };
		E90D379529016F400063ADFE /* FirebasePerformance in Frameworks */ = {isa = PBXBuildFile; productRef = E90D379429016F400063ADFE /* FirebasePerformance */; };
		E90D379729016F400063ADFE /* FirebaseRemoteConfig in Frameworks */ = {isa = PBXBuildFile; productRef = E90D379629016F400063ADFE /* FirebaseRemoteConfig */; };
		E90D379929016F400063ADFE /* FirebaseRemoteConfigSwift in Frameworks */ = {isa = PBXBuildFile; productRef = E90D379829016F400063ADFE /* FirebaseRemoteConfigSwift */; };
		E90D379B29016F400063ADFE /* FirebaseStorage in Frameworks */ = {isa = PBXBuildFile; productRef = E90D379A29016F400063ADFE /* FirebaseStorage */; };
		E90D379D29016F400063ADFE /* FirebaseStorageCombine-Community in Frameworks */ = {isa = PBXBuildFile; productRef = E90D379C29016F400063ADFE /* FirebaseStorageCombine-Community */; };
		E91E875B29053C150051BFD3 /* GoogleSignIn in Frameworks */ = {isa = PBXBuildFile; productRef = E91E875A29053C150051BFD3 /* GoogleSignIn */; };
		E91E875D29053C150051BFD3 /* GoogleSignInSwift in Frameworks */ = {isa = PBXBuildFile; productRef = E91E875C29053C150051BFD3 /* GoogleSignInSwift */; };
		E954043B28FD93DC0027377F /* SignUpViewController.swift in Sources */ = {isa = PBXBuildFile; fileRef = E954043928FD93DC0027377F /* SignUpViewController.swift */; };
		E954043C28FD93DC0027377F /* SignUpViewController.xib in Resources */ = {isa = PBXBuildFile; fileRef = E954043A28FD93DC0027377F /* SignUpViewController.xib */; };
		E9671C3429053A8B00F4CBF5 /* FacebookCore in Frameworks */ = {isa = PBXBuildFile; productRef = E9671C3329053A8B00F4CBF5 /* FacebookCore */; };
		E9671C3629053A8B00F4CBF5 /* FacebookLogin in Frameworks */ = {isa = PBXBuildFile; productRef = E9671C3529053A8B00F4CBF5 /* FacebookLogin */; };
		E9671C3829053A8B00F4CBF5 /* FacebookShare in Frameworks */ = {isa = PBXBuildFile; productRef = E9671C3729053A8B00F4CBF5 /* FacebookShare */; };
		E9A7AAD628FED952008F0AA9 /* ParameterEncoding.swift in Sources */ = {isa = PBXBuildFile; fileRef = E9A7AAC528FED952008F0AA9 /* ParameterEncoding.swift */; };
		E9A7AAD728FED952008F0AA9 /* URLParameterEncoder.swift in Sources */ = {isa = PBXBuildFile; fileRef = E9A7AAC628FED952008F0AA9 /* URLParameterEncoder.swift */; };
		E9A7AAD828FED952008F0AA9 /* JSONParameterEncoder.swift in Sources */ = {isa = PBXBuildFile; fileRef = E9A7AAC728FED952008F0AA9 /* JSONParameterEncoder.swift */; };
		E9A7AAD928FED952008F0AA9 /* NetworkManager.swift in Sources */ = {isa = PBXBuildFile; fileRef = E9A7AAC928FED952008F0AA9 /* NetworkManager.swift */; };
		E9A7AADA28FED952008F0AA9 /* NetworkMonitor.swift in Sources */ = {isa = PBXBuildFile; fileRef = E9A7AACB28FED952008F0AA9 /* NetworkMonitor.swift */; };
		E9A7AADB28FED952008F0AA9 /* BaseEnpoint.swift in Sources */ = {isa = PBXBuildFile; fileRef = E9A7AACD28FED952008F0AA9 /* BaseEnpoint.swift */; };
		E9A7AADC28FED952008F0AA9 /* HTTPTask.swift in Sources */ = {isa = PBXBuildFile; fileRef = E9A7AACF28FED952008F0AA9 /* HTTPTask.swift */; };
		E9A7AADD28FED952008F0AA9 /* HTTPMethod.swift in Sources */ = {isa = PBXBuildFile; fileRef = E9A7AAD028FED952008F0AA9 /* HTTPMethod.swift */; };
		E9A7AADE28FED952008F0AA9 /* Router.swift in Sources */ = {isa = PBXBuildFile; fileRef = E9A7AAD128FED952008F0AA9 /* Router.swift */; };
		E9A7AAE028FED952008F0AA9 /* EndPointType.swift in Sources */ = {isa = PBXBuildFile; fileRef = E9A7AAD328FED952008F0AA9 /* EndPointType.swift */; };
		E9A7AAE128FED952008F0AA9 /* NetworkError.swift in Sources */ = {isa = PBXBuildFile; fileRef = E9A7AAD428FED952008F0AA9 /* NetworkError.swift */; };
		E9A7AAE228FED952008F0AA9 /* URLs.swift in Sources */ = {isa = PBXBuildFile; fileRef = E9A7AAD528FED952008F0AA9 /* URLs.swift */; };
		E9A7AAE528FEDA0F008F0AA9 /* Media.swift in Sources */ = {isa = PBXBuildFile; fileRef = E9A7AAE428FEDA0F008F0AA9 /* Media.swift */; };
		E9A7AAE828FEE29B008F0AA9 /* RxBlocking in Frameworks */ = {isa = PBXBuildFile; productRef = E9A7AAE728FEE29B008F0AA9 /* RxBlocking */; };
		E9A7AAEA28FEE29B008F0AA9 /* RxCocoa in Frameworks */ = {isa = PBXBuildFile; productRef = E9A7AAE928FEE29B008F0AA9 /* RxCocoa */; };
		E9A7AAEC28FEE29B008F0AA9 /* RxRelay in Frameworks */ = {isa = PBXBuildFile; productRef = E9A7AAEB28FEE29B008F0AA9 /* RxRelay */; };
		E9A7AAEE28FEE29B008F0AA9 /* RxSwift in Frameworks */ = {isa = PBXBuildFile; productRef = E9A7AAED28FEE29B008F0AA9 /* RxSwift */; };
		E9A7AB142900388C008F0AA9 /* GoogleService-Info.plist in Resources */ = {isa = PBXBuildFile; fileRef = E9A7AB132900388C008F0AA9 /* GoogleService-Info.plist */; };
		E9B122562903CCDF00DFC69B /* SignInPresenter.swift in Sources */ = {isa = PBXBuildFile; fileRef = E9B122552903CCDF00DFC69B /* SignInPresenter.swift */; };
		E9B122582903CD0100DFC69B /* SignInPresenterProtocol.swift in Sources */ = {isa = PBXBuildFile; fileRef = E9B122572903CD0100DFC69B /* SignInPresenterProtocol.swift */; };
		E9B1225A2903CD6900DFC69B /* SignInInteractor.swift in Sources */ = {isa = PBXBuildFile; fileRef = E9B122592903CD6800DFC69B /* SignInInteractor.swift */; };
		E9B1225C2903D00600DFC69B /* SignInInteractorProtocol.swift in Sources */ = {isa = PBXBuildFile; fileRef = E9B1225B2903D00600DFC69B /* SignInInteractorProtocol.swift */; };
		E9B1225E2903D04000DFC69B /* SignInRouter.swift in Sources */ = {isa = PBXBuildFile; fileRef = E9B1225D2903D04000DFC69B /* SignInRouter.swift */; };
		E9B122602903D05A00DFC69B /* SignInRouterProtocol.swift in Sources */ = {isa = PBXBuildFile; fileRef = E9B1225F2903D05A00DFC69B /* SignInRouterProtocol.swift */; };
		E9B122622903D0F100DFC69B /* SignInViewProtocol.swift in Sources */ = {isa = PBXBuildFile; fileRef = E9B122612903D0F100DFC69B /* SignInViewProtocol.swift */; };
		E9B122652903D48100DFC69B /* SignInBuilder.swift in Sources */ = {isa = PBXBuildFile; fileRef = E9B122642903D48100DFC69B /* SignInBuilder.swift */; };
		E9B122A52905231D00DFC69B /* SignUpPresenterProtocol.swift in Sources */ = {isa = PBXBuildFile; fileRef = E9B122982905231D00DFC69B /* SignUpPresenterProtocol.swift */; };
		E9B122A62905231D00DFC69B /* SignUpPresenter.swift in Sources */ = {isa = PBXBuildFile; fileRef = E9B122992905231D00DFC69B /* SignUpPresenter.swift */; };
		E9B122A72905231D00DFC69B /* SignUpRouter.swift in Sources */ = {isa = PBXBuildFile; fileRef = E9B1229B2905231D00DFC69B /* SignUpRouter.swift */; };
		E9B122A82905231D00DFC69B /* SignUpRouterProtocol.swift in Sources */ = {isa = PBXBuildFile; fileRef = E9B1229C2905231D00DFC69B /* SignUpRouterProtocol.swift */; };
		E9B122A92905231D00DFC69B /* SignUpBuilder.swift in Sources */ = {isa = PBXBuildFile; fileRef = E9B1229E2905231D00DFC69B /* SignUpBuilder.swift */; };
		E9B122AA2905231D00DFC69B /* SignUpInteractor.swift in Sources */ = {isa = PBXBuildFile; fileRef = E9B122A02905231D00DFC69B /* SignUpInteractor.swift */; };
		E9B122AB2905231D00DFC69B /* SignUpInteractorProtocol.swift in Sources */ = {isa = PBXBuildFile; fileRef = E9B122A12905231D00DFC69B /* SignUpInteractorProtocol.swift */; };
		E9B122AD2905231D00DFC69B /* SignUpViewProtocol.swift in Sources */ = {isa = PBXBuildFile; fileRef = E9B122A42905231D00DFC69B /* SignUpViewProtocol.swift */; };
		E9D4E89D2912A5850020310A /* Alamofire in Frameworks */ = {isa = PBXBuildFile; productRef = E9D4E89C2912A5850020310A /* Alamofire */; };
		E9F0C31B28FD8B9F00D8CF9D /* AppDelegate.swift in Sources */ = {isa = PBXBuildFile; fileRef = E9F0C31A28FD8B9F00D8CF9D /* AppDelegate.swift */; };
		E9F0C31D28FD8B9F00D8CF9D /* SceneDelegate.swift in Sources */ = {isa = PBXBuildFile; fileRef = E9F0C31C28FD8B9F00D8CF9D /* SceneDelegate.swift */; };
		E9F0C31F28FD8B9F00D8CF9D /* SignInViewController.swift in Sources */ = {isa = PBXBuildFile; fileRef = E9F0C31E28FD8B9F00D8CF9D /* SignInViewController.swift */; };
		E9F0C32228FD8B9F00D8CF9D /* Main.storyboard in Resources */ = {isa = PBXBuildFile; fileRef = E9F0C32028FD8B9F00D8CF9D /* Main.storyboard */; };
		E9F0C32428FD8BA300D8CF9D /* Assets.xcassets in Resources */ = {isa = PBXBuildFile; fileRef = E9F0C32328FD8BA300D8CF9D /* Assets.xcassets */; };
		E9F0C32728FD8BA300D8CF9D /* LaunchScreen.storyboard in Resources */ = {isa = PBXBuildFile; fileRef = E9F0C32528FD8BA300D8CF9D /* LaunchScreen.storyboard */; };
/* End PBXBuildFile section */

/* Begin PBXFileReference section */
		E954043928FD93DC0027377F /* SignUpViewController.swift */ = {isa = PBXFileReference; lastKnownFileType = sourcecode.swift; path = SignUpViewController.swift; sourceTree = "<group>"; };
		E954043A28FD93DC0027377F /* SignUpViewController.xib */ = {isa = PBXFileReference; lastKnownFileType = file.xib; path = SignUpViewController.xib; sourceTree = "<group>"; };
		E9A7AAC528FED952008F0AA9 /* ParameterEncoding.swift */ = {isa = PBXFileReference; fileEncoding = 4; lastKnownFileType = sourcecode.swift; path = ParameterEncoding.swift; sourceTree = "<group>"; };
		E9A7AAC628FED952008F0AA9 /* URLParameterEncoder.swift */ = {isa = PBXFileReference; fileEncoding = 4; lastKnownFileType = sourcecode.swift; path = URLParameterEncoder.swift; sourceTree = "<group>"; };
		E9A7AAC728FED952008F0AA9 /* JSONParameterEncoder.swift */ = {isa = PBXFileReference; fileEncoding = 4; lastKnownFileType = sourcecode.swift; path = JSONParameterEncoder.swift; sourceTree = "<group>"; };
		E9A7AAC928FED952008F0AA9 /* NetworkManager.swift */ = {isa = PBXFileReference; fileEncoding = 4; lastKnownFileType = sourcecode.swift; path = NetworkManager.swift; sourceTree = "<group>"; };
		E9A7AACB28FED952008F0AA9 /* NetworkMonitor.swift */ = {isa = PBXFileReference; fileEncoding = 4; lastKnownFileType = sourcecode.swift; path = NetworkMonitor.swift; sourceTree = "<group>"; };
		E9A7AACD28FED952008F0AA9 /* BaseEnpoint.swift */ = {isa = PBXFileReference; fileEncoding = 4; lastKnownFileType = sourcecode.swift; path = BaseEnpoint.swift; sourceTree = "<group>"; };
		E9A7AACF28FED952008F0AA9 /* HTTPTask.swift */ = {isa = PBXFileReference; fileEncoding = 4; lastKnownFileType = sourcecode.swift; path = HTTPTask.swift; sourceTree = "<group>"; };
		E9A7AAD028FED952008F0AA9 /* HTTPMethod.swift */ = {isa = PBXFileReference; fileEncoding = 4; lastKnownFileType = sourcecode.swift; path = HTTPMethod.swift; sourceTree = "<group>"; };
		E9A7AAD128FED952008F0AA9 /* Router.swift */ = {isa = PBXFileReference; fileEncoding = 4; lastKnownFileType = sourcecode.swift; path = Router.swift; sourceTree = "<group>"; };
		E9A7AAD328FED952008F0AA9 /* EndPointType.swift */ = {isa = PBXFileReference; fileEncoding = 4; lastKnownFileType = sourcecode.swift; path = EndPointType.swift; sourceTree = "<group>"; };
		E9A7AAD428FED952008F0AA9 /* NetworkError.swift */ = {isa = PBXFileReference; fileEncoding = 4; lastKnownFileType = sourcecode.swift; path = NetworkError.swift; sourceTree = "<group>"; };
		E9A7AAD528FED952008F0AA9 /* URLs.swift */ = {isa = PBXFileReference; fileEncoding = 4; lastKnownFileType = sourcecode.swift; path = URLs.swift; sourceTree = "<group>"; };
		E9A7AAE428FEDA0F008F0AA9 /* Media.swift */ = {isa = PBXFileReference; fileEncoding = 4; lastKnownFileType = sourcecode.swift; path = Media.swift; sourceTree = "<group>"; };
		E9A7AB132900388C008F0AA9 /* GoogleService-Info.plist */ = {isa = PBXFileReference; fileEncoding = 4; lastKnownFileType = text.plist.xml; path = "GoogleService-Info.plist"; sourceTree = "<group>"; };
		E9B122552903CCDF00DFC69B /* SignInPresenter.swift */ = {isa = PBXFileReference; lastKnownFileType = sourcecode.swift; path = SignInPresenter.swift; sourceTree = "<group>"; };
		E9B122572903CD0100DFC69B /* SignInPresenterProtocol.swift */ = {isa = PBXFileReference; lastKnownFileType = sourcecode.swift; path = SignInPresenterProtocol.swift; sourceTree = "<group>"; };
		E9B122592903CD6800DFC69B /* SignInInteractor.swift */ = {isa = PBXFileReference; lastKnownFileType = sourcecode.swift; path = SignInInteractor.swift; sourceTree = "<group>"; };
		E9B1225B2903D00600DFC69B /* SignInInteractorProtocol.swift */ = {isa = PBXFileReference; lastKnownFileType = sourcecode.swift; path = SignInInteractorProtocol.swift; sourceTree = "<group>"; };
		E9B1225D2903D04000DFC69B /* SignInRouter.swift */ = {isa = PBXFileReference; lastKnownFileType = sourcecode.swift; path = SignInRouter.swift; sourceTree = "<group>"; };
		E9B1225F2903D05A00DFC69B /* SignInRouterProtocol.swift */ = {isa = PBXFileReference; lastKnownFileType = sourcecode.swift; path = SignInRouterProtocol.swift; sourceTree = "<group>"; };
		E9B122612903D0F100DFC69B /* SignInViewProtocol.swift */ = {isa = PBXFileReference; lastKnownFileType = sourcecode.swift; path = SignInViewProtocol.swift; sourceTree = "<group>"; };
		E9B122642903D48100DFC69B /* SignInBuilder.swift */ = {isa = PBXFileReference; lastKnownFileType = sourcecode.swift; path = SignInBuilder.swift; sourceTree = "<group>"; };
		E9B122982905231D00DFC69B /* SignUpPresenterProtocol.swift */ = {isa = PBXFileReference; fileEncoding = 4; lastKnownFileType = sourcecode.swift; path = SignUpPresenterProtocol.swift; sourceTree = "<group>"; };
		E9B122992905231D00DFC69B /* SignUpPresenter.swift */ = {isa = PBXFileReference; fileEncoding = 4; lastKnownFileType = sourcecode.swift; path = SignUpPresenter.swift; sourceTree = "<group>"; };
		E9B1229B2905231D00DFC69B /* SignUpRouter.swift */ = {isa = PBXFileReference; fileEncoding = 4; lastKnownFileType = sourcecode.swift; path = SignUpRouter.swift; sourceTree = "<group>"; };
		E9B1229C2905231D00DFC69B /* SignUpRouterProtocol.swift */ = {isa = PBXFileReference; fileEncoding = 4; lastKnownFileType = sourcecode.swift; path = SignUpRouterProtocol.swift; sourceTree = "<group>"; };
		E9B1229E2905231D00DFC69B /* SignUpBuilder.swift */ = {isa = PBXFileReference; fileEncoding = 4; lastKnownFileType = sourcecode.swift; path = SignUpBuilder.swift; sourceTree = "<group>"; };
		E9B122A02905231D00DFC69B /* SignUpInteractor.swift */ = {isa = PBXFileReference; fileEncoding = 4; lastKnownFileType = sourcecode.swift; path = SignUpInteractor.swift; sourceTree = "<group>"; };
		E9B122A12905231D00DFC69B /* SignUpInteractorProtocol.swift */ = {isa = PBXFileReference; fileEncoding = 4; lastKnownFileType = sourcecode.swift; path = SignUpInteractorProtocol.swift; sourceTree = "<group>"; };
		E9B122A42905231D00DFC69B /* SignUpViewProtocol.swift */ = {isa = PBXFileReference; fileEncoding = 4; lastKnownFileType = sourcecode.swift; path = SignUpViewProtocol.swift; sourceTree = "<group>"; };
		E9F0C31728FD8B9F00D8CF9D /* MedicalSupport.app */ = {isa = PBXFileReference; explicitFileType = wrapper.application; includeInIndex = 0; path = MedicalSupport.app; sourceTree = BUILT_PRODUCTS_DIR; };
		E9F0C31A28FD8B9F00D8CF9D /* AppDelegate.swift */ = {isa = PBXFileReference; lastKnownFileType = sourcecode.swift; path = AppDelegate.swift; sourceTree = "<group>"; };
		E9F0C31C28FD8B9F00D8CF9D /* SceneDelegate.swift */ = {isa = PBXFileReference; lastKnownFileType = sourcecode.swift; path = SceneDelegate.swift; sourceTree = "<group>"; };
		E9F0C31E28FD8B9F00D8CF9D /* SignInViewController.swift */ = {isa = PBXFileReference; lastKnownFileType = sourcecode.swift; path = SignInViewController.swift; sourceTree = "<group>"; };
		E9F0C32128FD8B9F00D8CF9D /* Base */ = {isa = PBXFileReference; lastKnownFileType = file.storyboard; name = Base; path = Base.lproj/Main.storyboard; sourceTree = "<group>"; };
		E9F0C32328FD8BA300D8CF9D /* Assets.xcassets */ = {isa = PBXFileReference; lastKnownFileType = folder.assetcatalog; path = Assets.xcassets; sourceTree = "<group>"; };
		E9F0C32628FD8BA300D8CF9D /* Base */ = {isa = PBXFileReference; lastKnownFileType = file.storyboard; name = Base; path = Base.lproj/LaunchScreen.storyboard; sourceTree = "<group>"; };
		E9F0C32828FD8BA300D8CF9D /* Info.plist */ = {isa = PBXFileReference; lastKnownFileType = text.plist.xml; path = Info.plist; sourceTree = "<group>"; };
/* End PBXFileReference section */

/* Begin PBXFrameworksBuildPhase section */
		E9F0C31428FD8B9F00D8CF9D /* Frameworks */ = {
			isa = PBXFrameworksBuildPhase;
			buildActionMask = 2147483647;
			files = (
				E90D377D29016F400063ADFE /* FirebaseDatabaseSwift in Frameworks */,
				E9A7AAEC28FEE29B008F0AA9 /* RxRelay in Frameworks */,
				E90D379529016F400063ADFE /* FirebasePerformance in Frameworks */,
				E90D379729016F400063ADFE /* FirebaseRemoteConfig in Frameworks */,
				E90D376B29016F400063ADFE /* FirebaseAnalyticsOnDeviceConversion in Frameworks */,
				E9671C3629053A8B00F4CBF5 /* FacebookLogin in Frameworks */,
				E90D378F29016F400063ADFE /* FirebaseInstallations in Frameworks */,
				E90D378329016F400063ADFE /* FirebaseFirestoreCombine-Community in Frameworks */,
				E90D378D29016F400063ADFE /* FirebaseInAppMessagingSwift-Beta in Frameworks */,
				E9A7AAEA28FEE29B008F0AA9 /* RxCocoa in Frameworks */,
				E90D379129016F400063ADFE /* FirebaseMLModelDownloader in Frameworks */,
				E90D379329016F400063ADFE /* FirebaseMessaging in Frameworks */,
				E90D378529016F400063ADFE /* FirebaseFirestoreSwift in Frameworks */,
				E9D4E89D2912A5850020310A /* Alamofire in Frameworks */,
				E90D378129016F400063ADFE /* FirebaseFirestore in Frameworks */,
				E90D378729016F400063ADFE /* FirebaseFunctions in Frameworks */,
				E9A7AAEE28FEE29B008F0AA9 /* RxSwift in Frameworks */,
				E9671C3429053A8B00F4CBF5 /* FacebookCore in Frameworks */,
				E90D376D29016F400063ADFE /* FirebaseAnalyticsSwift in Frameworks */,
				E90D376929016F400063ADFE /* FirebaseAnalytics in Frameworks */,
				E9A7AAE828FEE29B008F0AA9 /* RxBlocking in Frameworks */,
				E91E875B29053C150051BFD3 /* GoogleSignIn in Frameworks */,
				E90D377729016F400063ADFE /* FirebaseAuthCombine-Community in Frameworks */,
				E90D377529016F400063ADFE /* FirebaseAuth in Frameworks */,
				E90D378929016F400063ADFE /* FirebaseFunctionsCombine-Community in Frameworks */,
				E90D377929016F400063ADFE /* FirebaseCrashlytics in Frameworks */,
				E90D377F29016F400063ADFE /* FirebaseDynamicLinks in Frameworks */,
				E90D379B29016F400063ADFE /* FirebaseStorage in Frameworks */,
				E91E875D29053C150051BFD3 /* GoogleSignInSwift in Frameworks */,
				E90D378B29016F400063ADFE /* FirebaseInAppMessaging-Beta in Frameworks */,
				E90D379929016F400063ADFE /* FirebaseRemoteConfigSwift in Frameworks */,
				E9671C3829053A8B00F4CBF5 /* FacebookShare in Frameworks */,
				E90D377329016F400063ADFE /* FirebaseAppDistribution-Beta in Frameworks */,
				E90D379D29016F400063ADFE /* FirebaseStorageCombine-Community in Frameworks */,
				E90D377129016F400063ADFE /* FirebaseAppCheck in Frameworks */,
				E90D377B29016F400063ADFE /* FirebaseDatabase in Frameworks */,
				E90D376F29016F400063ADFE /* FirebaseAnalyticsWithoutAdIdSupport in Frameworks */,
			);
			runOnlyForDeploymentPostprocessing = 0;
		};
/* End PBXFrameworksBuildPhase section */

/* Begin PBXGroup section */
		E954043628FD936F0027377F /* Authentication */ = {
			isa = PBXGroup;
			children = (
				E954043828FD93AE0027377F /* SignUp */,
				E954043728FD93810027377F /* SignIn */,
			);
			path = Authentication;
			sourceTree = "<group>";
		};
		E954043728FD93810027377F /* SignIn */ = {
			isa = PBXGroup;
			children = (
				E9B122632903D46A00DFC69B /* Builder */,
				E9B1225429039C9E00DFC69B /* Router */,
				E9B1225329039C8E00DFC69B /* Interactor */,
				E9B1225229039C5E00DFC69B /* Presenter */,
				E9B1225129039C4E00DFC69B /* View */,
			);
			path = SignIn;
			sourceTree = "<group>";
		};
		E954043828FD93AE0027377F /* SignUp */ = {
			isa = PBXGroup;
			children = (
				E9B1229D2905231D00DFC69B /* Builder */,
				E9B1229F2905231D00DFC69B /* Interactor */,
				E9B122972905231D00DFC69B /* Presenter */,
				E9B1229A2905231D00DFC69B /* Router */,
				E9B122A22905231D00DFC69B /* View */,
			);
			path = SignUp;
			sourceTree = "<group>";
		};
		E9A7AAC328FED952008F0AA9 /* Networking */ = {
			isa = PBXGroup;
			children = (
				E9A7AAC428FED952008F0AA9 /* Encoding */,
				E9A7AAC828FED952008F0AA9 /* Manager */,
				E9A7AACA28FED952008F0AA9 /* NetworkMonitor */,
				E9A7AACC28FED952008F0AA9 /* Endpoint */,
				E9A7AACE28FED952008F0AA9 /* Service */,
			);
			path = Networking;
			sourceTree = "<group>";
		};
		E9A7AAC428FED952008F0AA9 /* Encoding */ = {
			isa = PBXGroup;
			children = (
				E9A7AAC528FED952008F0AA9 /* ParameterEncoding.swift */,
				E9A7AAC628FED952008F0AA9 /* URLParameterEncoder.swift */,
				E9A7AAC728FED952008F0AA9 /* JSONParameterEncoder.swift */,
			);
			path = Encoding;
			sourceTree = "<group>";
		};
		E9A7AAC828FED952008F0AA9 /* Manager */ = {
			isa = PBXGroup;
			children = (
				E9A7AAC928FED952008F0AA9 /* NetworkManager.swift */,
			);
			path = Manager;
			sourceTree = "<group>";
		};
		E9A7AACA28FED952008F0AA9 /* NetworkMonitor */ = {
			isa = PBXGroup;
			children = (
				E9A7AACB28FED952008F0AA9 /* NetworkMonitor.swift */,
			);
			path = NetworkMonitor;
			sourceTree = "<group>";
		};
		E9A7AACC28FED952008F0AA9 /* Endpoint */ = {
			isa = PBXGroup;
			children = (
				E9A7AACD28FED952008F0AA9 /* BaseEnpoint.swift */,
			);
			path = Endpoint;
			sourceTree = "<group>";
		};
		E9A7AACE28FED952008F0AA9 /* Service */ = {
			isa = PBXGroup;
			children = (
				E9A7AACF28FED952008F0AA9 /* HTTPTask.swift */,
				E9A7AAD028FED952008F0AA9 /* HTTPMethod.swift */,
				E9A7AAD128FED952008F0AA9 /* Router.swift */,
				E9A7AAD328FED952008F0AA9 /* EndPointType.swift */,
				E9A7AAD428FED952008F0AA9 /* NetworkError.swift */,
				E9A7AAD528FED952008F0AA9 /* URLs.swift */,
			);
			path = Service;
			sourceTree = "<group>";
		};
		E9A7AAE328FED9F2008F0AA9 /* Models */ = {
			isa = PBXGroup;
			children = (
				E9A7AAE428FEDA0F008F0AA9 /* Media.swift */,
			);
			path = Models;
			sourceTree = "<group>";
		};
		E9B1225129039C4E00DFC69B /* View */ = {
			isa = PBXGroup;
			children = (
				E9B122612903D0F100DFC69B /* SignInViewProtocol.swift */,
				E9F0C31E28FD8B9F00D8CF9D /* SignInViewController.swift */,
				E9F0C32028FD8B9F00D8CF9D /* Main.storyboard */,
			);
			path = View;
			sourceTree = "<group>";
		};
		E9B1225229039C5E00DFC69B /* Presenter */ = {
			isa = PBXGroup;
			children = (
				E9B122552903CCDF00DFC69B /* SignInPresenter.swift */,
				E9B122572903CD0100DFC69B /* SignInPresenterProtocol.swift */,
			);
			path = Presenter;
			sourceTree = "<group>";
		};
		E9B1225329039C8E00DFC69B /* Interactor */ = {
			isa = PBXGroup;
			children = (
				E9B122592903CD6800DFC69B /* SignInInteractor.swift */,
				E9B1225B2903D00600DFC69B /* SignInInteractorProtocol.swift */,
			);
			path = Interactor;
			sourceTree = "<group>";
		};
		E9B1225429039C9E00DFC69B /* Router */ = {
			isa = PBXGroup;
			children = (
				E9B1225D2903D04000DFC69B /* SignInRouter.swift */,
				E9B1225F2903D05A00DFC69B /* SignInRouterProtocol.swift */,
			);
			path = Router;
			sourceTree = "<group>";
		};
		E9B122632903D46A00DFC69B /* Builder */ = {
			isa = PBXGroup;
			children = (
				E9B122642903D48100DFC69B /* SignInBuilder.swift */,
			);
			path = Builder;
			sourceTree = "<group>";
		};
		E9B122972905231D00DFC69B /* Presenter */ = {
			isa = PBXGroup;
			children = (
				E9B122982905231D00DFC69B /* SignUpPresenterProtocol.swift */,
				E9B122992905231D00DFC69B /* SignUpPresenter.swift */,
			);
			path = Presenter;
			sourceTree = "<group>";
		};
		E9B1229A2905231D00DFC69B /* Router */ = {
			isa = PBXGroup;
			children = (
				E9B1229B2905231D00DFC69B /* SignUpRouter.swift */,
				E9B1229C2905231D00DFC69B /* SignUpRouterProtocol.swift */,
			);
			path = Router;
			sourceTree = "<group>";
		};
		E9B1229D2905231D00DFC69B /* Builder */ = {
			isa = PBXGroup;
			children = (
				E9B1229E2905231D00DFC69B /* SignUpBuilder.swift */,
			);
			path = Builder;
			sourceTree = "<group>";
		};
		E9B1229F2905231D00DFC69B /* Interactor */ = {
			isa = PBXGroup;
			children = (
				E9B122A02905231D00DFC69B /* SignUpInteractor.swift */,
				E9B122A12905231D00DFC69B /* SignUpInteractorProtocol.swift */,
			);
			path = Interactor;
			sourceTree = "<group>";
		};
		E9B122A22905231D00DFC69B /* View */ = {
			isa = PBXGroup;
			children = (
				E9B122A42905231D00DFC69B /* SignUpViewProtocol.swift */,
				E954043928FD93DC0027377F /* SignUpViewController.swift */,
				E954043A28FD93DC0027377F /* SignUpViewController.xib */,
			);
			path = View;
			sourceTree = "<group>";
		};
		E9F0C30E28FD8B9F00D8CF9D = {
			isa = PBXGroup;
			children = (
				E9F0C31928FD8B9F00D8CF9D /* MedicalSupport */,
				E9F0C31828FD8B9F00D8CF9D /* Products */,
			);
			sourceTree = "<group>";
		};
		E9F0C31828FD8B9F00D8CF9D /* Products */ = {
			isa = PBXGroup;
			children = (
				E9F0C31728FD8B9F00D8CF9D /* MedicalSupport.app */,
			);
			name = Products;
			sourceTree = "<group>";
		};
		E9F0C31928FD8B9F00D8CF9D /* MedicalSupport */ = {
			isa = PBXGroup;
			children = (
				E9A7AAE328FED9F2008F0AA9 /* Models */,
				E9A7AAC328FED952008F0AA9 /* Networking */,
				E9F0C32E28FD924D00D8CF9D /* Modules */,
				E9F0C31A28FD8B9F00D8CF9D /* AppDelegate.swift */,
				E9F0C31C28FD8B9F00D8CF9D /* SceneDelegate.swift */,
				E9F0C32328FD8BA300D8CF9D /* Assets.xcassets */,
				E9F0C32528FD8BA300D8CF9D /* LaunchScreen.storyboard */,
				E9F0C32828FD8BA300D8CF9D /* Info.plist */,
				E9A7AB132900388C008F0AA9 /* GoogleService-Info.plist */,
			);
			path = MedicalSupport;
			sourceTree = "<group>";
		};
		E9F0C32E28FD924D00D8CF9D /* Modules */ = {
			isa = PBXGroup;
			children = (
				E954043628FD936F0027377F /* Authentication */,
			);
			path = Modules;
			sourceTree = "<group>";
		};
/* End PBXGroup section */

/* Begin PBXNativeTarget section */
		E9F0C31628FD8B9F00D8CF9D /* MedicalSupport */ = {
			isa = PBXNativeTarget;
			buildConfigurationList = E9F0C32B28FD8BA300D8CF9D /* Build configuration list for PBXNativeTarget "MedicalSupport" */;
			buildPhases = (
				E9F0C31328FD8B9F00D8CF9D /* Sources */,
				E9F0C31428FD8B9F00D8CF9D /* Frameworks */,
				E9F0C31528FD8B9F00D8CF9D /* Resources */,
			);
			buildRules = (
			);
			dependencies = (
			);
			name = MedicalSupport;
			packageProductDependencies = (
				E9A7AAE728FEE29B008F0AA9 /* RxBlocking */,
				E9A7AAE928FEE29B008F0AA9 /* RxCocoa */,
				E9A7AAEB28FEE29B008F0AA9 /* RxRelay */,
				E9A7AAED28FEE29B008F0AA9 /* RxSwift */,
				E90D376829016F400063ADFE /* FirebaseAnalytics */,
				E90D376A29016F400063ADFE /* FirebaseAnalyticsOnDeviceConversion */,
				E90D376C29016F400063ADFE /* FirebaseAnalyticsSwift */,
				E90D376E29016F400063ADFE /* FirebaseAnalyticsWithoutAdIdSupport */,
				E90D377029016F400063ADFE /* FirebaseAppCheck */,
				E90D377229016F400063ADFE /* FirebaseAppDistribution-Beta */,
				E90D377429016F400063ADFE /* FirebaseAuth */,
				E90D377629016F400063ADFE /* FirebaseAuthCombine-Community */,
				E90D377829016F400063ADFE /* FirebaseCrashlytics */,
				E90D377A29016F400063ADFE /* FirebaseDatabase */,
				E90D377C29016F400063ADFE /* FirebaseDatabaseSwift */,
				E90D377E29016F400063ADFE /* FirebaseDynamicLinks */,
				E90D378029016F400063ADFE /* FirebaseFirestore */,
				E90D378229016F400063ADFE /* FirebaseFirestoreCombine-Community */,
				E90D378429016F400063ADFE /* FirebaseFirestoreSwift */,
				E90D378629016F400063ADFE /* FirebaseFunctions */,
				E90D378829016F400063ADFE /* FirebaseFunctionsCombine-Community */,
				E90D378A29016F400063ADFE /* FirebaseInAppMessaging-Beta */,
				E90D378C29016F400063ADFE /* FirebaseInAppMessagingSwift-Beta */,
				E90D378E29016F400063ADFE /* FirebaseInstallations */,
				E90D379029016F400063ADFE /* FirebaseMLModelDownloader */,
				E90D379229016F400063ADFE /* FirebaseMessaging */,
				E90D379429016F400063ADFE /* FirebasePerformance */,
				E90D379629016F400063ADFE /* FirebaseRemoteConfig */,
				E90D379829016F400063ADFE /* FirebaseRemoteConfigSwift */,
				E90D379A29016F400063ADFE /* FirebaseStorage */,
				E90D379C29016F400063ADFE /* FirebaseStorageCombine-Community */,
				E9671C3329053A8B00F4CBF5 /* FacebookCore */,
				E9671C3529053A8B00F4CBF5 /* FacebookLogin */,
				E9671C3729053A8B00F4CBF5 /* FacebookShare */,
				E91E875A29053C150051BFD3 /* GoogleSignIn */,
				E91E875C29053C150051BFD3 /* GoogleSignInSwift */,
				E9D4E89C2912A5850020310A /* Alamofire */,
			);
			productName = MedicalSupport;
			productReference = E9F0C31728FD8B9F00D8CF9D /* MedicalSupport.app */;
			productType = "com.apple.product-type.application";
		};
/* End PBXNativeTarget section */

/* Begin PBXProject section */
		E9F0C30F28FD8B9F00D8CF9D /* Project object */ = {
			isa = PBXProject;
			attributes = {
				BuildIndependentTargetsInParallel = 1;
				LastSwiftUpdateCheck = 1340;
				LastUpgradeCheck = 1340;
				TargetAttributes = {
					E9F0C31628FD8B9F00D8CF9D = {
						CreatedOnToolsVersion = 13.4.1;
					};
				};
			};
			buildConfigurationList = E9F0C31228FD8B9F00D8CF9D /* Build configuration list for PBXProject "MedicalSupport" */;
			compatibilityVersion = "Xcode 13.0";
			developmentRegion = en;
			hasScannedForEncodings = 0;
			knownRegions = (
				en,
				Base,
			);
			mainGroup = E9F0C30E28FD8B9F00D8CF9D;
			packageReferences = (
				E9A7AAE628FEE29B008F0AA9 /* XCRemoteSwiftPackageReference "RxSwift" */,
				E90D376729016F400063ADFE /* XCRemoteSwiftPackageReference "firebase-ios-sdk" */,
				E9671C3229053A8B00F4CBF5 /* XCRemoteSwiftPackageReference "facebook-ios-sdk" */,
				E91E875929053C150051BFD3 /* XCRemoteSwiftPackageReference "GoogleSignIn-iOS" */,
				E9D4E89B2912A5840020310A /* XCRemoteSwiftPackageReference "Alamofire" */,
			);
			productRefGroup = E9F0C31828FD8B9F00D8CF9D /* Products */;
			projectDirPath = "";
			projectRoot = "";
			targets = (
				E9F0C31628FD8B9F00D8CF9D /* MedicalSupport */,
			);
		};
/* End PBXProject section */

/* Begin PBXResourcesBuildPhase section */
		E9F0C31528FD8B9F00D8CF9D /* Resources */ = {
			isa = PBXResourcesBuildPhase;
			buildActionMask = 2147483647;
			files = (
				E9F0C32728FD8BA300D8CF9D /* LaunchScreen.storyboard in Resources */,
				E9F0C32428FD8BA300D8CF9D /* Assets.xcassets in Resources */,
				E9A7AB142900388C008F0AA9 /* GoogleService-Info.plist in Resources */,
				E954043C28FD93DC0027377F /* SignUpViewController.xib in Resources */,
				E9F0C32228FD8B9F00D8CF9D /* Main.storyboard in Resources */,
			);
			runOnlyForDeploymentPostprocessing = 0;
		};
/* End PBXResourcesBuildPhase section */

/* Begin PBXSourcesBuildPhase section */
		E9F0C31328FD8B9F00D8CF9D /* Sources */ = {
			isa = PBXSourcesBuildPhase;
			buildActionMask = 2147483647;
			files = (
				E9B122582903CD0100DFC69B /* SignInPresenterProtocol.swift in Sources */,
				E9A7AAE128FED952008F0AA9 /* NetworkError.swift in Sources */,
				E9A7AADB28FED952008F0AA9 /* BaseEnpoint.swift in Sources */,
				E9A7AAE228FED952008F0AA9 /* URLs.swift in Sources */,
				E9F0C31F28FD8B9F00D8CF9D /* SignInViewController.swift in Sources */,
				E9F0C31B28FD8B9F00D8CF9D /* AppDelegate.swift in Sources */,
				E9B122602903D05A00DFC69B /* SignInRouterProtocol.swift in Sources */,
				E9B1225E2903D04000DFC69B /* SignInRouter.swift in Sources */,
				E9A7AAD728FED952008F0AA9 /* URLParameterEncoder.swift in Sources */,
				E9B122A62905231D00DFC69B /* SignUpPresenter.swift in Sources */,
				E9B122A82905231D00DFC69B /* SignUpRouterProtocol.swift in Sources */,
				E9B122A92905231D00DFC69B /* SignUpBuilder.swift in Sources */,
				E9A7AAD628FED952008F0AA9 /* ParameterEncoding.swift in Sources */,
				E9A7AAD928FED952008F0AA9 /* NetworkManager.swift in Sources */,
				E954043B28FD93DC0027377F /* SignUpViewController.swift in Sources */,
				E9A7AAE028FED952008F0AA9 /* EndPointType.swift in Sources */,
				E9A7AADC28FED952008F0AA9 /* HTTPTask.swift in Sources */,
				E9A7AADD28FED952008F0AA9 /* HTTPMethod.swift in Sources */,
				E9B122A72905231D00DFC69B /* SignUpRouter.swift in Sources */,
				E9B1225A2903CD6900DFC69B /* SignInInteractor.swift in Sources */,
				E9B122622903D0F100DFC69B /* SignInViewProtocol.swift in Sources */,
				E9B122562903CCDF00DFC69B /* SignInPresenter.swift in Sources */,
				E9A7AAD828FED952008F0AA9 /* JSONParameterEncoder.swift in Sources */,
				E9A7AAE528FEDA0F008F0AA9 /* Media.swift in Sources */,
				E9B122AA2905231D00DFC69B /* SignUpInteractor.swift in Sources */,
				E9B122A52905231D00DFC69B /* SignUpPresenterProtocol.swift in Sources */,
				E9A7AADA28FED952008F0AA9 /* NetworkMonitor.swift in Sources */,
				E9B122652903D48100DFC69B /* SignInBuilder.swift in Sources */,
				E9B122AB2905231D00DFC69B /* SignUpInteractorProtocol.swift in Sources */,
				E9B122AD2905231D00DFC69B /* SignUpViewProtocol.swift in Sources */,
				E9F0C31D28FD8B9F00D8CF9D /* SceneDelegate.swift in Sources */,
				E9B1225C2903D00600DFC69B /* SignInInteractorProtocol.swift in Sources */,
				E9A7AADE28FED952008F0AA9 /* Router.swift in Sources */,
			);
			runOnlyForDeploymentPostprocessing = 0;
		};
/* End PBXSourcesBuildPhase section */

/* Begin PBXVariantGroup section */
		E9F0C32028FD8B9F00D8CF9D /* Main.storyboard */ = {
			isa = PBXVariantGroup;
			children = (
				E9F0C32128FD8B9F00D8CF9D /* Base */,
			);
			name = Main.storyboard;
			sourceTree = "<group>";
		};
		E9F0C32528FD8BA300D8CF9D /* LaunchScreen.storyboard */ = {
			isa = PBXVariantGroup;
			children = (
				E9F0C32628FD8BA300D8CF9D /* Base */,
			);
			name = LaunchScreen.storyboard;
			sourceTree = "<group>";
		};
/* End PBXVariantGroup section */

/* Begin XCBuildConfiguration section */
		E9F0C32928FD8BA300D8CF9D /* Debug */ = {
			isa = XCBuildConfiguration;
			buildSettings = {
				ALWAYS_SEARCH_USER_PATHS = NO;
				CLANG_ANALYZER_NONNULL = YES;
				CLANG_ANALYZER_NUMBER_OBJECT_CONVERSION = YES_AGGRESSIVE;
				CLANG_CXX_LANGUAGE_STANDARD = "gnu++17";
				CLANG_ENABLE_MODULES = YES;
				CLANG_ENABLE_OBJC_ARC = YES;
				CLANG_ENABLE_OBJC_WEAK = YES;
				CLANG_WARN_BLOCK_CAPTURE_AUTORELEASING = YES;
				CLANG_WARN_BOOL_CONVERSION = YES;
				CLANG_WARN_COMMA = YES;
				CLANG_WARN_CONSTANT_CONVERSION = YES;
				CLANG_WARN_DEPRECATED_OBJC_IMPLEMENTATIONS = YES;
				CLANG_WARN_DIRECT_OBJC_ISA_USAGE = YES_ERROR;
				CLANG_WARN_DOCUMENTATION_COMMENTS = YES;
				CLANG_WARN_EMPTY_BODY = YES;
				CLANG_WARN_ENUM_CONVERSION = YES;
				CLANG_WARN_INFINITE_RECURSION = YES;
				CLANG_WARN_INT_CONVERSION = YES;
				CLANG_WARN_NON_LITERAL_NULL_CONVERSION = YES;
				CLANG_WARN_OBJC_IMPLICIT_RETAIN_SELF = YES;
				CLANG_WARN_OBJC_LITERAL_CONVERSION = YES;
				CLANG_WARN_OBJC_ROOT_CLASS = YES_ERROR;
				CLANG_WARN_QUOTED_INCLUDE_IN_FRAMEWORK_HEADER = YES;
				CLANG_WARN_RANGE_LOOP_ANALYSIS = YES;
				CLANG_WARN_STRICT_PROTOTYPES = YES;
				CLANG_WARN_SUSPICIOUS_MOVE = YES;
				CLANG_WARN_UNGUARDED_AVAILABILITY = YES_AGGRESSIVE;
				CLANG_WARN_UNREACHABLE_CODE = YES;
				CLANG_WARN__DUPLICATE_METHOD_MATCH = YES;
				COPY_PHASE_STRIP = NO;
				DEBUG_INFORMATION_FORMAT = dwarf;
				ENABLE_STRICT_OBJC_MSGSEND = YES;
				ENABLE_TESTABILITY = YES;
				GCC_C_LANGUAGE_STANDARD = gnu11;
				GCC_DYNAMIC_NO_PIC = NO;
				GCC_NO_COMMON_BLOCKS = YES;
				GCC_OPTIMIZATION_LEVEL = 0;
				GCC_PREPROCESSOR_DEFINITIONS = (
					"DEBUG=1",
					"$(inherited)",
				);
				GCC_WARN_64_TO_32_BIT_CONVERSION = YES;
				GCC_WARN_ABOUT_RETURN_TYPE = YES_ERROR;
				GCC_WARN_UNDECLARED_SELECTOR = YES;
				GCC_WARN_UNINITIALIZED_AUTOS = YES_AGGRESSIVE;
				GCC_WARN_UNUSED_FUNCTION = YES;
				GCC_WARN_UNUSED_VARIABLE = YES;
				IPHONEOS_DEPLOYMENT_TARGET = 15.5;
				MTL_ENABLE_DEBUG_INFO = INCLUDE_SOURCE;
				MTL_FAST_MATH = YES;
				ONLY_ACTIVE_ARCH = YES;
				SDKROOT = iphoneos;
				SWIFT_ACTIVE_COMPILATION_CONDITIONS = DEBUG;
				SWIFT_OPTIMIZATION_LEVEL = "-Onone";
			};
			name = Debug;
		};
		E9F0C32A28FD8BA300D8CF9D /* Release */ = {
			isa = XCBuildConfiguration;
			buildSettings = {
				ALWAYS_SEARCH_USER_PATHS = NO;
				CLANG_ANALYZER_NONNULL = YES;
				CLANG_ANALYZER_NUMBER_OBJECT_CONVERSION = YES_AGGRESSIVE;
				CLANG_CXX_LANGUAGE_STANDARD = "gnu++17";
				CLANG_ENABLE_MODULES = YES;
				CLANG_ENABLE_OBJC_ARC = YES;
				CLANG_ENABLE_OBJC_WEAK = YES;
				CLANG_WARN_BLOCK_CAPTURE_AUTORELEASING = YES;
				CLANG_WARN_BOOL_CONVERSION = YES;
				CLANG_WARN_COMMA = YES;
				CLANG_WARN_CONSTANT_CONVERSION = YES;
				CLANG_WARN_DEPRECATED_OBJC_IMPLEMENTATIONS = YES;
				CLANG_WARN_DIRECT_OBJC_ISA_USAGE = YES_ERROR;
				CLANG_WARN_DOCUMENTATION_COMMENTS = YES;
				CLANG_WARN_EMPTY_BODY = YES;
				CLANG_WARN_ENUM_CONVERSION = YES;
				CLANG_WARN_INFINITE_RECURSION = YES;
				CLANG_WARN_INT_CONVERSION = YES;
				CLANG_WARN_NON_LITERAL_NULL_CONVERSION = YES;
				CLANG_WARN_OBJC_IMPLICIT_RETAIN_SELF = YES;
				CLANG_WARN_OBJC_LITERAL_CONVERSION = YES;
				CLANG_WARN_OBJC_ROOT_CLASS = YES_ERROR;
				CLANG_WARN_QUOTED_INCLUDE_IN_FRAMEWORK_HEADER = YES;
				CLANG_WARN_RANGE_LOOP_ANALYSIS = YES;
				CLANG_WARN_STRICT_PROTOTYPES = YES;
				CLANG_WARN_SUSPICIOUS_MOVE = YES;
				CLANG_WARN_UNGUARDED_AVAILABILITY = YES_AGGRESSIVE;
				CLANG_WARN_UNREACHABLE_CODE = YES;
				CLANG_WARN__DUPLICATE_METHOD_MATCH = YES;
				COPY_PHASE_STRIP = NO;
				DEBUG_INFORMATION_FORMAT = "dwarf-with-dsym";
				ENABLE_NS_ASSERTIONS = NO;
				ENABLE_STRICT_OBJC_MSGSEND = YES;
				GCC_C_LANGUAGE_STANDARD = gnu11;
				GCC_NO_COMMON_BLOCKS = YES;
				GCC_WARN_64_TO_32_BIT_CONVERSION = YES;
				GCC_WARN_ABOUT_RETURN_TYPE = YES_ERROR;
				GCC_WARN_UNDECLARED_SELECTOR = YES;
				GCC_WARN_UNINITIALIZED_AUTOS = YES_AGGRESSIVE;
				GCC_WARN_UNUSED_FUNCTION = YES;
				GCC_WARN_UNUSED_VARIABLE = YES;
				IPHONEOS_DEPLOYMENT_TARGET = 15.5;
				MTL_ENABLE_DEBUG_INFO = NO;
				MTL_FAST_MATH = YES;
				SDKROOT = iphoneos;
				SWIFT_COMPILATION_MODE = wholemodule;
				SWIFT_OPTIMIZATION_LEVEL = "-O";
				VALIDATE_PRODUCT = YES;
			};
			name = Release;
		};
		E9F0C32C28FD8BA300D8CF9D /* Debug */ = {
			isa = XCBuildConfiguration;
			buildSettings = {
				ASSETCATALOG_COMPILER_APPICON_NAME = AppIcon;
				ASSETCATALOG_COMPILER_GLOBAL_ACCENT_COLOR_NAME = AccentColor;
				CODE_SIGN_STYLE = Automatic;
				CURRENT_PROJECT_VERSION = 1;
				DEVELOPMENT_TEAM = 6JJ3HPPD4J;
				GENERATE_INFOPLIST_FILE = YES;
				INFOPLIST_FILE = MedicalSupport/Info.plist;
				INFOPLIST_KEY_UIApplicationSupportsIndirectInputEvents = YES;
				INFOPLIST_KEY_UILaunchStoryboardName = LaunchScreen;
				INFOPLIST_KEY_UIMainStoryboardFile = Main;
				INFOPLIST_KEY_UISupportedInterfaceOrientations_iPad = "UIInterfaceOrientationPortrait UIInterfaceOrientationPortraitUpsideDown UIInterfaceOrientationLandscapeLeft UIInterfaceOrientationLandscapeRight";
				INFOPLIST_KEY_UISupportedInterfaceOrientations_iPhone = "UIInterfaceOrientationPortrait UIInterfaceOrientationLandscapeLeft UIInterfaceOrientationLandscapeRight";
				LD_RUNPATH_SEARCH_PATHS = (
					"$(inherited)",
					"@executable_path/Frameworks",
				);
				MARKETING_VERSION = 1.0;
				PRODUCT_BUNDLE_IDENTIFIER = tamnm1996.MedicalSupport;
				PRODUCT_NAME = "$(TARGET_NAME)";
				SWIFT_EMIT_LOC_STRINGS = YES;
				SWIFT_VERSION = 5.0;
				TARGETED_DEVICE_FAMILY = "1,2";
			};
			name = Debug;
		};
		E9F0C32D28FD8BA300D8CF9D /* Release */ = {
			isa = XCBuildConfiguration;
			buildSettings = {
				ASSETCATALOG_COMPILER_APPICON_NAME = AppIcon;
				ASSETCATALOG_COMPILER_GLOBAL_ACCENT_COLOR_NAME = AccentColor;
				CODE_SIGN_STYLE = Automatic;
				CURRENT_PROJECT_VERSION = 1;
				DEVELOPMENT_TEAM = 6JJ3HPPD4J;
				GENERATE_INFOPLIST_FILE = YES;
				INFOPLIST_FILE = MedicalSupport/Info.plist;
				INFOPLIST_KEY_UIApplicationSupportsIndirectInputEvents = YES;
				INFOPLIST_KEY_UILaunchStoryboardName = LaunchScreen;
				INFOPLIST_KEY_UIMainStoryboardFile = Main;
				INFOPLIST_KEY_UISupportedInterfaceOrientations_iPad = "UIInterfaceOrientationPortrait UIInterfaceOrientationPortraitUpsideDown UIInterfaceOrientationLandscapeLeft UIInterfaceOrientationLandscapeRight";
				INFOPLIST_KEY_UISupportedInterfaceOrientations_iPhone = "UIInterfaceOrientationPortrait UIInterfaceOrientationLandscapeLeft UIInterfaceOrientationLandscapeRight";
				LD_RUNPATH_SEARCH_PATHS = (
					"$(inherited)",
					"@executable_path/Frameworks",
				);
				MARKETING_VERSION = 1.0;
				PRODUCT_BUNDLE_IDENTIFIER = tamnm1996.MedicalSupport;
				PRODUCT_NAME = "$(TARGET_NAME)";
				SWIFT_EMIT_LOC_STRINGS = YES;
				SWIFT_VERSION = 5.0;
				TARGETED_DEVICE_FAMILY = "1,2";
			};
			name = Release;
		};
/* End XCBuildConfiguration section */

/* Begin XCConfigurationList section */
		E9F0C31228FD8B9F00D8CF9D /* Build configuration list for PBXProject "MedicalSupport" */ = {
			isa = XCConfigurationList;
			buildConfigurations = (
				E9F0C32928FD8BA300D8CF9D /* Debug */,
				E9F0C32A28FD8BA300D8CF9D /* Release */,
			);
			defaultConfigurationIsVisible = 0;
			defaultConfigurationName = Release;
		};
		E9F0C32B28FD8BA300D8CF9D /* Build configuration list for PBXNativeTarget "MedicalSupport" */ = {
			isa = XCConfigurationList;
			buildConfigurations = (
				E9F0C32C28FD8BA300D8CF9D /* Debug */,
				E9F0C32D28FD8BA300D8CF9D /* Release */,
			);
			defaultConfigurationIsVisible = 0;
			defaultConfigurationName = Release;
		};
/* End XCConfigurationList section */

/* Begin XCRemoteSwiftPackageReference section */
		E90D376729016F400063ADFE /* XCRemoteSwiftPackageReference "firebase-ios-sdk" */ = {
			isa = XCRemoteSwiftPackageReference;
			repositoryURL = "https://github.com/firebase/firebase-ios-sdk";
			requirement = {
				kind = upToNextMajorVersion;
				minimumVersion = 9.0.0;
			};
		};
		E91E875929053C150051BFD3 /* XCRemoteSwiftPackageReference "GoogleSignIn-iOS" */ = {
			isa = XCRemoteSwiftPackageReference;
			repositoryURL = "https://github.com/google/GoogleSignIn-iOS";
			requirement = {
				kind = upToNextMajorVersion;
				minimumVersion = 6.0.0;
			};
		};
		E9671C3229053A8B00F4CBF5 /* XCRemoteSwiftPackageReference "facebook-ios-sdk" */ = {
			isa = XCRemoteSwiftPackageReference;
			repositoryURL = "https://github.com/facebook/facebook-ios-sdk";
			requirement = {
				kind = upToNextMajorVersion;
				minimumVersion = 9.0.0;
			};
		};
		E9A7AAE628FEE29B008F0AA9 /* XCRemoteSwiftPackageReference "RxSwift" */ = {
			isa = XCRemoteSwiftPackageReference;
			repositoryURL = "https://github.com/ReactiveX/RxSwift";
			requirement = {
				kind = upToNextMajorVersion;
				minimumVersion = 6.0.0;
			};
		};
		E9D4E89B2912A5840020310A /* XCRemoteSwiftPackageReference "Alamofire" */ = {
			isa = XCRemoteSwiftPackageReference;
			repositoryURL = "https://github.com/Alamofire/Alamofire";
			requirement = {
				kind = upToNextMajorVersion;
				minimumVersion = 5.0.0;
			};
		};
/* End XCRemoteSwiftPackageReference section */

/* Begin XCSwiftPackageProductDependency section */
		E90D376829016F400063ADFE /* FirebaseAnalytics */ = {
			isa = XCSwiftPackageProductDependency;
			package = E90D376729016F400063ADFE /* XCRemoteSwiftPackageReference "firebase-ios-sdk" */;
			productName = FirebaseAnalytics;
		};
		E90D376A29016F400063ADFE /* FirebaseAnalyticsOnDeviceConversion */ = {
			isa = XCSwiftPackageProductDependency;
			package = E90D376729016F400063ADFE /* XCRemoteSwiftPackageReference "firebase-ios-sdk" */;
			productName = FirebaseAnalyticsOnDeviceConversion;
		};
		E90D376C29016F400063ADFE /* FirebaseAnalyticsSwift */ = {
			isa = XCSwiftPackageProductDependency;
			package = E90D376729016F400063ADFE /* XCRemoteSwiftPackageReference "firebase-ios-sdk" */;
			productName = FirebaseAnalyticsSwift;
		};
		E90D376E29016F400063ADFE /* FirebaseAnalyticsWithoutAdIdSupport */ = {
			isa = XCSwiftPackageProductDependency;
			package = E90D376729016F400063ADFE /* XCRemoteSwiftPackageReference "firebase-ios-sdk" */;
			productName = FirebaseAnalyticsWithoutAdIdSupport;
		};
		E90D377029016F400063ADFE /* FirebaseAppCheck */ = {
			isa = XCSwiftPackageProductDependency;
			package = E90D376729016F400063ADFE /* XCRemoteSwiftPackageReference "firebase-ios-sdk" */;
			productName = FirebaseAppCheck;
		};
		E90D377229016F400063ADFE /* FirebaseAppDistribution-Beta */ = {
			isa = XCSwiftPackageProductDependency;
			package = E90D376729016F400063ADFE /* XCRemoteSwiftPackageReference "firebase-ios-sdk" */;
			productName = "FirebaseAppDistribution-Beta";
		};
		E90D377429016F400063ADFE /* FirebaseAuth */ = {
			isa = XCSwiftPackageProductDependency;
			package = E90D376729016F400063ADFE /* XCRemoteSwiftPackageReference "firebase-ios-sdk" */;
			productName = FirebaseAuth;
		};
		E90D377629016F400063ADFE /* FirebaseAuthCombine-Community */ = {
			isa = XCSwiftPackageProductDependency;
			package = E90D376729016F400063ADFE /* XCRemoteSwiftPackageReference "firebase-ios-sdk" */;
			productName = "FirebaseAuthCombine-Community";
		};
		E90D377829016F400063ADFE /* FirebaseCrashlytics */ = {
			isa = XCSwiftPackageProductDependency;
			package = E90D376729016F400063ADFE /* XCRemoteSwiftPackageReference "firebase-ios-sdk" */;
			productName = FirebaseCrashlytics;
		};
		E90D377A29016F400063ADFE /* FirebaseDatabase */ = {
			isa = XCSwiftPackageProductDependency;
			package = E90D376729016F400063ADFE /* XCRemoteSwiftPackageReference "firebase-ios-sdk" */;
			productName = FirebaseDatabase;
		};
		E90D377C29016F400063ADFE /* FirebaseDatabaseSwift */ = {
			isa = XCSwiftPackageProductDependency;
			package = E90D376729016F400063ADFE /* XCRemoteSwiftPackageReference "firebase-ios-sdk" */;
			productName = FirebaseDatabaseSwift;
		};
		E90D377E29016F400063ADFE /* FirebaseDynamicLinks */ = {
			isa = XCSwiftPackageProductDependency;
			package = E90D376729016F400063ADFE /* XCRemoteSwiftPackageReference "firebase-ios-sdk" */;
			productName = FirebaseDynamicLinks;
		};
		E90D378029016F400063ADFE /* FirebaseFirestore */ = {
			isa = XCSwiftPackageProductDependency;
			package = E90D376729016F400063ADFE /* XCRemoteSwiftPackageReference "firebase-ios-sdk" */;
			productName = FirebaseFirestore;
		};
		E90D378229016F400063ADFE /* FirebaseFirestoreCombine-Community */ = {
			isa = XCSwiftPackageProductDependency;
			package = E90D376729016F400063ADFE /* XCRemoteSwiftPackageReference "firebase-ios-sdk" */;
			productName = "FirebaseFirestoreCombine-Community";
		};
		E90D378429016F400063ADFE /* FirebaseFirestoreSwift */ = {
			isa = XCSwiftPackageProductDependency;
			package = E90D376729016F400063ADFE /* XCRemoteSwiftPackageReference "firebase-ios-sdk" */;
			productName = FirebaseFirestoreSwift;
		};
		E90D378629016F400063ADFE /* FirebaseFunctions */ = {
			isa = XCSwiftPackageProductDependency;
			package = E90D376729016F400063ADFE /* XCRemoteSwiftPackageReference "firebase-ios-sdk" */;
			productName = FirebaseFunctions;
		};
		E90D378829016F400063ADFE /* FirebaseFunctionsCombine-Community */ = {
			isa = XCSwiftPackageProductDependency;
			package = E90D376729016F400063ADFE /* XCRemoteSwiftPackageReference "firebase-ios-sdk" */;
			productName = "FirebaseFunctionsCombine-Community";
		};
		E90D378A29016F400063ADFE /* FirebaseInAppMessaging-Beta */ = {
			isa = XCSwiftPackageProductDependency;
			package = E90D376729016F400063ADFE /* XCRemoteSwiftPackageReference "firebase-ios-sdk" */;
			productName = "FirebaseInAppMessaging-Beta";
		};
		E90D378C29016F400063ADFE /* FirebaseInAppMessagingSwift-Beta */ = {
			isa = XCSwiftPackageProductDependency;
			package = E90D376729016F400063ADFE /* XCRemoteSwiftPackageReference "firebase-ios-sdk" */;
			productName = "FirebaseInAppMessagingSwift-Beta";
		};
		E90D378E29016F400063ADFE /* FirebaseInstallations */ = {
			isa = XCSwiftPackageProductDependency;
			package = E90D376729016F400063ADFE /* XCRemoteSwiftPackageReference "firebase-ios-sdk" */;
			productName = FirebaseInstallations;
		};
		E90D379029016F400063ADFE /* FirebaseMLModelDownloader */ = {
			isa = XCSwiftPackageProductDependency;
			package = E90D376729016F400063ADFE /* XCRemoteSwiftPackageReference "firebase-ios-sdk" */;
			productName = FirebaseMLModelDownloader;
		};
		E90D379229016F400063ADFE /* FirebaseMessaging */ = {
			isa = XCSwiftPackageProductDependency;
			package = E90D376729016F400063ADFE /* XCRemoteSwiftPackageReference "firebase-ios-sdk" */;
			productName = FirebaseMessaging;
		};
		E90D379429016F400063ADFE /* FirebasePerformance */ = {
			isa = XCSwiftPackageProductDependency;
			package = E90D376729016F400063ADFE /* XCRemoteSwiftPackageReference "firebase-ios-sdk" */;
			productName = FirebasePerformance;
		};
		E90D379629016F400063ADFE /* FirebaseRemoteConfig */ = {
			isa = XCSwiftPackageProductDependency;
			package = E90D376729016F400063ADFE /* XCRemoteSwiftPackageReference "firebase-ios-sdk" */;
			productName = FirebaseRemoteConfig;
		};
		E90D379829016F400063ADFE /* FirebaseRemoteConfigSwift */ = {
			isa = XCSwiftPackageProductDependency;
			package = E90D376729016F400063ADFE /* XCRemoteSwiftPackageReference "firebase-ios-sdk" */;
			productName = FirebaseRemoteConfigSwift;
		};
		E90D379A29016F400063ADFE /* FirebaseStorage */ = {
			isa = XCSwiftPackageProductDependency;
			package = E90D376729016F400063ADFE /* XCRemoteSwiftPackageReference "firebase-ios-sdk" */;
			productName = FirebaseStorage;
		};
		E90D379C29016F400063ADFE /* FirebaseStorageCombine-Community */ = {
			isa = XCSwiftPackageProductDependency;
			package = E90D376729016F400063ADFE /* XCRemoteSwiftPackageReference "firebase-ios-sdk" */;
			productName = "FirebaseStorageCombine-Community";
		};
		E91E875A29053C150051BFD3 /* GoogleSignIn */ = {
			isa = XCSwiftPackageProductDependency;
			package = E91E875929053C150051BFD3 /* XCRemoteSwiftPackageReference "GoogleSignIn-iOS" */;
			productName = GoogleSignIn;
		};
		E91E875C29053C150051BFD3 /* GoogleSignInSwift */ = {
			isa = XCSwiftPackageProductDependency;
			package = E91E875929053C150051BFD3 /* XCRemoteSwiftPackageReference "GoogleSignIn-iOS" */;
			productName = GoogleSignInSwift;
		};
		E9671C3329053A8B00F4CBF5 /* FacebookCore */ = {
			isa = XCSwiftPackageProductDependency;
			package = E9671C3229053A8B00F4CBF5 /* XCRemoteSwiftPackageReference "facebook-ios-sdk" */;
			productName = FacebookCore;
		};
		E9671C3529053A8B00F4CBF5 /* FacebookLogin */ = {
			isa = XCSwiftPackageProductDependency;
			package = E9671C3229053A8B00F4CBF5 /* XCRemoteSwiftPackageReference "facebook-ios-sdk" */;
			productName = FacebookLogin;
		};
		E9671C3729053A8B00F4CBF5 /* FacebookShare */ = {
			isa = XCSwiftPackageProductDependency;
			package = E9671C3229053A8B00F4CBF5 /* XCRemoteSwiftPackageReference "facebook-ios-sdk" */;
			productName = FacebookShare;
		};
		E9A7AAE728FEE29B008F0AA9 /* RxBlocking */ = {
			isa = XCSwiftPackageProductDependency;
			package = E9A7AAE628FEE29B008F0AA9 /* XCRemoteSwiftPackageReference "RxSwift" */;
			productName = RxBlocking;
		};
		E9A7AAE928FEE29B008F0AA9 /* RxCocoa */ = {
			isa = XCSwiftPackageProductDependency;
			package = E9A7AAE628FEE29B008F0AA9 /* XCRemoteSwiftPackageReference "RxSwift" */;
			productName = RxCocoa;
		};
		E9A7AAEB28FEE29B008F0AA9 /* RxRelay */ = {
			isa = XCSwiftPackageProductDependency;
			package = E9A7AAE628FEE29B008F0AA9 /* XCRemoteSwiftPackageReference "RxSwift" */;
			productName = RxRelay;
		};
		E9A7AAED28FEE29B008F0AA9 /* RxSwift */ = {
			isa = XCSwiftPackageProductDependency;
			package = E9A7AAE628FEE29B008F0AA9 /* XCRemoteSwiftPackageReference "RxSwift" */;
			productName = RxSwift;
		};
		E9D4E89C2912A5850020310A /* Alamofire */ = {
			isa = XCSwiftPackageProductDependency;
			package = E9D4E89B2912A5840020310A /* XCRemoteSwiftPackageReference "Alamofire" */;
			productName = Alamofire;
		};
/* End XCSwiftPackageProductDependency section */
	};
	rootObject = E9F0C30F28FD8B9F00D8CF9D /* Project object */;
}
